Microsoft Visual Studio Solution File, Format Version 12.00
# Visual Studio Version 17
VisualStudioVersion = 17.5.2.0
MinimumVisualStudioVersion = 10.0.40219.1
Project("{FAE04EC0-301F-11D3-BF4B-00C04F79EFBC}") = "MainApp", "MainApp\MainApp.csproj", "{5903E4CB-1CD6-4FBC-9F05-1BA378112A28}"
EndProject
Project("{FAE04EC0-301F-11D3-BF4B-00C04F79EFBC}") = "SubApp", "SubprocessApp\SubApp.csproj", "{9F0C75BB-5631-4DB4-A807-673822B372C0}"
EndProject
Global
	GlobalSection(SolutionConfigurationPlatforms) = preSolution
		Debug|Any CPU = Debug|Any CPU
		Release|Any CPU = Release|Any CPU
	EndGlobalSection
	GlobalSection(ProjectConfigurationPlatforms) = postSolution
		{5903E4CB-1CD6-4FBC-9F05-1BA378112A28}.Debug|Any CPU.ActiveCfg = Debug|Any CPU
		{5903E4CB-1CD6-4FBC-9F05-1BA378112A28}.Debug|Any CPU.Build.0 = Debug|Any CPU
		{5903E4CB-1CD6-4FBC-9F05-1BA378112A28}.Release|Any CPU.ActiveCfg = Release|Any CPU
		{5903E4CB-1CD6-4FBC-9F05-1BA378112A28}.Release|Any CPU.Build.0 = Release|Any CPU
		{9F0C75BB-5631-4DB4-A807-673822B372C0}.Debug|Any CPU.ActiveCfg = Debug|Any CPU
		{9F0C75BB-5631-4DB4-A807-673822B372C0}.Debug|Any CPU.Build.0 = Debug|Any CPU
		{9F0C75BB-5631-4DB4-A807-673822B372C0}.Release|Any CPU.ActiveCfg = Release|Any CPU
		{9F0C75BB-5631-4DB4-A807-673822B372C0}.Release|Any CPU.Build.0 = Release|Any CPU
	EndGlobalSection
	GlobalSection(SolutionProperties) = preSolution
		HideSolutionNode = FALSE
	EndGlobalSection
	GlobalSection(ExtensibilityGlobals) = postSolution
		SolutionGuid = {268D5578-3B35-4EDA-8072-A56ED7FFA090}
	EndGlobalSection
EndGlobal
