Microsoft Visual Studio Solution File, Format Version 12.00
# Visual Studio Version 17
VisualStudioVersion = 17.5.2.0
MinimumVisualStudioVersion = 10.0.40219.1
Project("{FAE04EC0-301F-11D3-BF4B-00C04F79EFBC}") = "DiscordRichPresenceApp", "DiscordRichPresenceApp.csproj", "{8C091523-8E88-CC42-E9E5-E6613F8832FE}"
EndProject
Global
	GlobalSection(SolutionConfigurationPlatforms) = preSolution
		Debug|Any CPU = Debug|Any CPU
		Release|Any CPU = Release|Any CPU
	EndGlobalSection
	GlobalSection(ProjectConfigurationPlatforms) = postSolution
		{8C091523-8E88-CC42-E9E5-E6613F8832FE}.Debug|Any CPU.ActiveCfg = Debug|Any CPU
		{8C091523-8E88-CC42-E9E5-E6613F8832FE}.Debug|Any CPU.Build.0 = Debug|Any CPU
		{8C091523-8E88-CC42-E9E5-E6613F8832FE}.Release|Any CPU.ActiveCfg = Release|Any CPU
		{8C091523-8E88-CC42-E9E5-E6613F8832FE}.Release|Any CPU.Build.0 = Release|Any CPU
	EndGlobalSection
	GlobalSection(SolutionProperties) = preSolution
		HideSolutionNode = FALSE
	EndGlobalSection
	GlobalSection(ExtensibilityGlobals) = postSolution
		SolutionGuid = {268D5578-3B35-4EDA-8072-A56ED7FFA090}
	EndGlobalSection
EndGlobal
